
Microsoft Visual Studio Solution File, Format Version 12.00
# Visual Studio Version 16
VisualStudioVersion = 16.0.30523.141
MinimumVisualStudioVersion = 10.0.40219.1
Project("{FAE04EC0-301F-11D3-BF4B-00C04F79EFBC}") = "HangmanGame", "HangmanGame\HangmanGame.csproj", "{4D1A899B-8B4E-4230-A781-7505D999867F}"
EndProject
Global
	GlobalSection(SolutionConfigurationPlatforms) = preSolution
		Debug|Any CPU = Debug|Any CPU
		Release|Any CPU = Release|Any CPU
	EndGlobalSection
	GlobalSection(ProjectConfigurationPlatforms) = postSolution
		{4D1A899B-8B4E-4230-A781-7505D999867F}.Debug|Any CPU.ActiveCfg = Debug|Any CPU
		{4D1A899B-8B4E-4230-A781-7505D999867F}.Debug|Any CPU.Build.0 = Debug|Any CPU
		{4D1A899B-8B4E-4230-A781-7505D999867F}.Release|Any CPU.ActiveCfg = Release|Any CPU
		{4D1A899B-8B4E-4230-A781-7505D999867F}.Release|Any CPU.Build.0 = Release|Any CPU
	EndGlobalSection
	GlobalSection(SolutionProperties) = preSolution
		HideSolutionNode = FALSE
	EndGlobalSection
	GlobalSection(ExtensibilityGlobals) = postSolution
		SolutionGuid = {B73D583C-8A49-46C3-88AD-CB4AC6DF3A58}
	EndGlobalSection
EndGlobal
